<?xml version="1.0" encoding="utf-8"?>
<Project ToolsVersion="4.0" xmlns="http://schemas.microsoft.com/developer/msbuild/2003">
  <ItemGroup>
    <Filter Include="Main">
      <UniqueIdentifier>{e1517d75-8dba-4d54-9184-b05414d4b18f}</UniqueIdentifier>
    </Filter>
  </ItemGroup>
  <ItemGroup>
    <ClCompile Include="stdafx.cpp">
      <Filter>Main</Filter>
    </ClCompile>
    <ClCompile Include="main.cpp">
      <Filter>Main</Filter>
    </ClCompile>
    <ClCompile Include="PathFinder.cpp" />
    <ClCompile Include="BaseMap.cpp" />
  </ItemGroup>
  <ItemGroup>
    <ClInclude Include="stdafx.h">
      <Filter>Main</Filter>
    </ClInclude>
    <ClInclude Include="Types.h">
      <Filter>Main</Filter>
    </ClInclude>
    <ClInclude Include="PathFinder.h" />
    <ClInclude Include="Point2D.h" />
    <ClInclude Include="Direction.h" />
    <ClInclude Include="Containers.h">
      <Filter>Main</Filter>
    </ClInclude>
    <ClInclude Include="BaseMap.h" />
  </ItemGroup>
</Project>